# THIS IS AN AUTOGENERATED FILE. DO NOT EDIT THIS FILE DIRECTLY.
# yarn lockfile v1


primeflex@^3.3.1:
  version "3.3.1"
  resolved "https://registry.yarnpkg.com/primeflex/-/primeflex-3.3.1.tgz#361dddf6eb5db50d733e4cddd4b6e376a3d7bd68"
  integrity sha512-zaOq3YvcOYytbAmKv3zYc+0VNS9Wg5d37dfxZnveKBFPr7vEIwfV5ydrpiouTft8MVW6qNjfkaQphHSnvgQbpQ==

primeicons@^7.0.0:
  version "7.0.0"
  resolved "https://registry.yarnpkg.com/primeicons/-/primeicons-7.0.0.tgz#6b25c3fdcb29bb745a3035bdc1ed5902f4a419cf"
  integrity sha512-jK3Et9UzwzTsd6tzl2RmwrVY/b8raJ3QZLzoDACj+oTJ0oX7L9Hy+XnVwgo4QVKlKpnP/Ur13SXV/pVh4LzaDw==

primeng@^17.18.11:
  version "17.18.11"
  resolved "https://registry.yarnpkg.com/primeng/-/primeng-17.18.11.tgz#8e5b1b921b303767611f31a356ee972e78ccc98e"
  integrity sha512-LzV0fFZmb3GdnaRqi1+GP+RPtW0a+jztL5pH1zRWY7+7pyQ0n1YNyTXzmqVcdks/CmoyjNhutWEmexwi6vFVeA==
  dependencies:
    tslib "^2.3.0"

prismjs@^1.29.0:
  version "1.29.0"
  resolved "https://registry.yarnpkg.com/prismjs/-/prismjs-1.29.0.tgz#f113555a8fa9b57c35e637bba27509dcf802dd12"
  integrity sha512-Kx/1w86q/epKcmte75LNrEoT+lX8pBpavuAbvJWRXar7Hz8jrtF+e3vY751p0R8H9HdArwaCTNDDzHg/ScJK1Q==

tslib@^2.3.0:
  version "2.7.0"
  resolved "https://registry.yarnpkg.com/tslib/-/tslib-2.7.0.tgz#d9b40c5c40ab59e8738f297df3087bf1a2690c01"
  integrity sha512-gLXCKdN1/j47AiHiOkJN69hJmcbGTHI0ImLmbYLHykhgeN0jVGola9yVjFgzCUklsZQMW55o+dW7IXv3RCXDzA==
